
Microsoft Visual Studio Solution File, Format Version 12.00
# Visual Studio Version 16
VisualStudioVersion = 16.0.30621.155
MinimumVisualStudioVersion = 10.0.40219.1
Project("{8BC9CEB8-8B4A-11D0-8D11-00A0C91BC942}") = "TestApp_OpenGL", "TestApp_OpenGL\TestApp_OpenGL.vcxproj", "{8BEBF54D-8522-4F54-9DA2-8BBEBCCCFA10}"
EndProject
Global
	GlobalSection(SolutionConfigurationPlatforms) = preSolution
		Debug|x64 = Debug|x64
		Debug|x86 = Debug|x86
		Release|x64 = Release|x64
		Release|x86 = Release|x86
	EndGlobalSection
	GlobalSection(ProjectConfigurationPlatforms) = postSolution
		{8BEBF54D-8522-4F54-9DA2-8BBEBCCCFA10}.Debug|x64.ActiveCfg = Debug|x64
		{8BEBF54D-8522-4F54-9DA2-8BBEBCCCFA10}.Debug|x64.Build.0 = Debug|x64
		{8BEBF54D-8522-4F54-9DA2-8BBEBCCCFA10}.Debug|x86.ActiveCfg = Debug|Win32
		{8BEBF54D-8522-4F54-9DA2-8BBEBCCCFA10}.Debug|x86.Build.0 = Debug|Win32
		{8BEBF54D-8522-4F54-9DA2-8BBEBCCCFA10}.Release|x64.ActiveCfg = Release|x64
		{8BEBF54D-8522-4F54-9DA2-8BBEBCCCFA10}.Release|x64.Build.0 = Release|x64
		{8BEBF54D-8522-4F54-9DA2-8BBEBCCCFA10}.Release|x86.ActiveCfg = Release|Win32
		{8BEBF54D-8522-4F54-9DA2-8BBEBCCCFA10}.Release|x86.Build.0 = Release|Win32
	EndGlobalSection
	GlobalSection(SolutionProperties) = preSolution
		HideSolutionNode = FALSE
	EndGlobalSection
	GlobalSection(ExtensibilityGlobals) = postSolution
		SolutionGuid = {4AE46757-60CD-4837-AE5A-DB48577CD864}
	EndGlobalSection
EndGlobal
